// !$*UTF8*$!
{
	archiveVersion = 1;
	classes = {
	};
	objectVersion = 56;
	objects = {

/* Begin PBXBuildFile section */
		AB4432F02A43201100C42E54 /* GoogleService-Info.plist in Resources */ = {isa = PBXBuildFile; fileRef = AB4432EF2A43201100C42E54 /* GoogleService-Info.plist */; };
		AB98829B2A3E591500D9D889 /* Phase.swift in Sources */ = {isa = PBXBuildFile; fileRef = AB98829A2A3E591500D9D889 /* Phase.swift */; };
		ABA3A96D2A3B253F00CA4BE1 /* AppDelegate.swift in Sources */ = {isa = PBXBuildFile; fileRef = ABA3A96C2A3B253F00CA4BE1 /* AppDelegate.swift */; };
		ABA3A96F2A3B253F00CA4BE1 /* SceneDelegate.swift in Sources */ = {isa = PBXBuildFile; fileRef = ABA3A96E2A3B253F00CA4BE1 /* SceneDelegate.swift */; };
		ABA3A9712A3B253F00CA4BE1 /* GameViewController.swift in Sources */ = {isa = PBXBuildFile; fileRef = ABA3A9702A3B253F00CA4BE1 /* GameViewController.swift */; };
		ABA3A9762A3B254000CA4BE1 /* Assets.xcassets in Resources */ = {isa = PBXBuildFile; fileRef = ABA3A9752A3B254000CA4BE1 /* Assets.xcassets */; };
		ABA3A9792A3B254000CA4BE1 /* LaunchScreen.storyboard in Resources */ = {isa = PBXBuildFile; fileRef = ABA3A9772A3B254000CA4BE1 /* LaunchScreen.storyboard */; };
		ABBA03DA2A543F8E003768D4 /* MainViewController.swift in Sources */ = {isa = PBXBuildFile; fileRef = ABBA03D92A543F8E003768D4 /* MainViewController.swift */; };
		ABBA03DC2A5475A5003768D4 /* SettingsViewController.swift in Sources */ = {isa = PBXBuildFile; fileRef = ABBA03DB2A5475A5003768D4 /* SettingsViewController.swift */; };
		ABCB8EEF2A5ABFD10069F56D /* DataSource.swift in Sources */ = {isa = PBXBuildFile; fileRef = ABCB8EEE2A5ABFD10069F56D /* DataSource.swift */; };
		ABE57FF22A5C149A00245871 /* RecordsViewController.swift in Sources */ = {isa = PBXBuildFile; fileRef = ABE57FF12A5C149A00245871 /* RecordsViewController.swift */; };
		ABE57FF42A5C176C00245871 /* RecordTableViewCell.swift in Sources */ = {isa = PBXBuildFile; fileRef = ABE57FF32A5C176C00245871 /* RecordTableViewCell.swift */; };
		ABE57FF72A5C17CE00245871 /* Identifiable.swift in Sources */ = {isa = PBXBuildFile; fileRef = ABE57FF62A5C17CE00245871 /* Identifiable.swift */; };
		C9B64E996721BB0362BE7F15 /* Pods_FlyingPlane.framework in Frameworks */ = {isa = PBXBuildFile; fileRef = C6B1FD282F975439585BDA29 /* Pods_FlyingPlane.framework */; };
/* End PBXBuildFile section */

/* Begin PBXFileReference section */
		0FCBAFBABF25B53CC25152EF /* Pods-FlyingPlane.release.xcconfig */ = {isa = PBXFileReference; includeInIndex = 1; lastKnownFileType = text.xcconfig; name = "Pods-FlyingPlane.release.xcconfig"; path = "Target Support Files/Pods-FlyingPlane/Pods-FlyingPlane.release.xcconfig"; sourceTree = "<group>"; };
		AB4432EF2A43201100C42E54 /* GoogleService-Info.plist */ = {isa = PBXFileReference; fileEncoding = 4; lastKnownFileType = text.plist.xml; path = "GoogleService-Info.plist"; sourceTree = "<group>"; };
		AB98829A2A3E591500D9D889 /* Phase.swift */ = {isa = PBXFileReference; lastKnownFileType = sourcecode.swift; path = Phase.swift; sourceTree = "<group>"; };
		ABA3A9692A3B253F00CA4BE1 /* FlyingPlane.app */ = {isa = PBXFileReference; explicitFileType = wrapper.application; includeInIndex = 0; path = FlyingPlane.app; sourceTree = BUILT_PRODUCTS_DIR; };
		ABA3A96C2A3B253F00CA4BE1 /* AppDelegate.swift */ = {isa = PBXFileReference; lastKnownFileType = sourcecode.swift; path = AppDelegate.swift; sourceTree = "<group>"; };
		ABA3A96E2A3B253F00CA4BE1 /* SceneDelegate.swift */ = {isa = PBXFileReference; lastKnownFileType = sourcecode.swift; path = SceneDelegate.swift; sourceTree = "<group>"; };
		ABA3A9702A3B253F00CA4BE1 /* GameViewController.swift */ = {isa = PBXFileReference; lastKnownFileType = sourcecode.swift; path = GameViewController.swift; sourceTree = "<group>"; };
		ABA3A9752A3B254000CA4BE1 /* Assets.xcassets */ = {isa = PBXFileReference; lastKnownFileType = folder.assetcatalog; path = Assets.xcassets; sourceTree = "<group>"; };
		ABA3A9782A3B254000CA4BE1 /* Base */ = {isa = PBXFileReference; lastKnownFileType = file.storyboard; name = Base; path = Base.lproj/LaunchScreen.storyboard; sourceTree = "<group>"; };
		ABA3A97A2A3B254000CA4BE1 /* Info.plist */ = {isa = PBXFileReference; lastKnownFileType = text.plist.xml; path = Info.plist; sourceTree = "<group>"; };
		ABBA03D92A543F8E003768D4 /* MainViewController.swift */ = {isa = PBXFileReference; lastKnownFileType = sourcecode.swift; path = MainViewController.swift; sourceTree = "<group>"; };
		ABBA03DB2A5475A5003768D4 /* SettingsViewController.swift */ = {isa = PBXFileReference; lastKnownFileType = sourcecode.swift; path = SettingsViewController.swift; sourceTree = "<group>"; };
		ABCB8EEE2A5ABFD10069F56D /* DataSource.swift */ = {isa = PBXFileReference; lastKnownFileType = sourcecode.swift; path = DataSource.swift; sourceTree = "<group>"; };
		ABE57FF12A5C149A00245871 /* RecordsViewController.swift */ = {isa = PBXFileReference; lastKnownFileType = sourcecode.swift; path = RecordsViewController.swift; sourceTree = "<group>"; };
		ABE57FF32A5C176C00245871 /* RecordTableViewCell.swift */ = {isa = PBXFileReference; lastKnownFileType = sourcecode.swift; path = RecordTableViewCell.swift; sourceTree = "<group>"; };
		ABE57FF62A5C17CE00245871 /* Identifiable.swift */ = {isa = PBXFileReference; lastKnownFileType = sourcecode.swift; path = Identifiable.swift; sourceTree = "<group>"; };
		C6B1FD282F975439585BDA29 /* Pods_FlyingPlane.framework */ = {isa = PBXFileReference; explicitFileType = wrapper.framework; includeInIndex = 0; path = Pods_FlyingPlane.framework; sourceTree = BUILT_PRODUCTS_DIR; };
		C873075AA4C535E81FB8E586 /* Pods-FlyingPlane.debug.xcconfig */ = {isa = PBXFileReference; includeInIndex = 1; lastKnownFileType = text.xcconfig; name = "Pods-FlyingPlane.debug.xcconfig"; path = "Target Support Files/Pods-FlyingPlane/Pods-FlyingPlane.debug.xcconfig"; sourceTree = "<group>"; };
/* End PBXFileReference section */

/* Begin PBXFrameworksBuildPhase section */
		ABA3A9662A3B253F00CA4BE1 /* Frameworks */ = {
			isa = PBXFrameworksBuildPhase;
			buildActionMask = 2147483647;
			files = (
				C9B64E996721BB0362BE7F15 /* Pods_FlyingPlane.framework in Frameworks */,
			);
			runOnlyForDeploymentPostprocessing = 0;
		};
/* End PBXFrameworksBuildPhase section */

/* Begin PBXGroup section */
		ABA3A9602A3B253F00CA4BE1 = {
			isa = PBXGroup;
			children = (
				ABA3A96B2A3B253F00CA4BE1 /* FlyingPlane */,
				ABA3A96A2A3B253F00CA4BE1 /* Products */,
				C112B5B6C9116FA7489AD5E3 /* Pods */,
				BD649346F1F81896EE3DB37E /* Frameworks */,
			);
			sourceTree = "<group>";
		};
		ABA3A96A2A3B253F00CA4BE1 /* Products */ = {
			isa = PBXGroup;
			children = (
				ABA3A9692A3B253F00CA4BE1 /* FlyingPlane.app */,
			);
			name = Products;
			sourceTree = "<group>";
		};
		ABA3A96B2A3B253F00CA4BE1 /* FlyingPlane */ = {
			isa = PBXGroup;
			children = (
				AB4432EF2A43201100C42E54 /* GoogleService-Info.plist */,
				AB98829A2A3E591500D9D889 /* Phase.swift */,
				ABBA03D92A543F8E003768D4 /* MainViewController.swift */,
				ABBA03DB2A5475A5003768D4 /* SettingsViewController.swift */,
				ABA3A9702A3B253F00CA4BE1 /* GameViewController.swift */,
				ABCB8EEE2A5ABFD10069F56D /* DataSource.swift */,
				ABE57FF12A5C149A00245871 /* RecordsViewController.swift */,
				ABE57FF32A5C176C00245871 /* RecordTableViewCell.swift */,
				ABE57FF52A5C17AD00245871 /* Helpers */,
				ABA3A9802A3B268100CA4BE1 /* Supporting Files */,
			);
			path = FlyingPlane;
			sourceTree = "<group>";
		};
		ABA3A9802A3B268100CA4BE1 /* Supporting Files */ = {
			isa = PBXGroup;
			children = (
				ABA3A96C2A3B253F00CA4BE1 /* AppDelegate.swift */,
				ABA3A96E2A3B253F00CA4BE1 /* SceneDelegate.swift */,
				ABA3A9752A3B254000CA4BE1 /* Assets.xcassets */,
				ABA3A9772A3B254000CA4BE1 /* LaunchScreen.storyboard */,
				ABA3A97A2A3B254000CA4BE1 /* Info.plist */,
			);
			path = "Supporting Files";
			sourceTree = "<group>";
		};
		ABE57FF52A5C17AD00245871 /* Helpers */ = {
			isa = PBXGroup;
			children = (
				ABE57FF62A5C17CE00245871 /* Identifiable.swift */,
			);
			path = Helpers;
			sourceTree = "<group>";
		};
		BD649346F1F81896EE3DB37E /* Frameworks */ = {
			isa = PBXGroup;
			children = (
				C6B1FD282F975439585BDA29 /* Pods_FlyingPlane.framework */,
			);
			name = Frameworks;
			sourceTree = "<group>";
		};
		C112B5B6C9116FA7489AD5E3 /* Pods */ = {
			isa = PBXGroup;
			children = (
				C873075AA4C535E81FB8E586 /* Pods-FlyingPlane.debug.xcconfig */,
				0FCBAFBABF25B53CC25152EF /* Pods-FlyingPlane.release.xcconfig */,
			);
			path = Pods;
			sourceTree = "<group>";
		};
/* End PBXGroup section */

/* Begin PBXNativeTarget section */
		ABA3A9682A3B253F00CA4BE1 /* FlyingPlane */ = {
			isa = PBXNativeTarget;
			buildConfigurationList = ABA3A97D2A3B254000CA4BE1 /* Build configuration list for PBXNativeTarget "FlyingPlane" */;
			buildPhases = (
				27861D334B954F16AEA40133 /* [CP] Check Pods Manifest.lock */,
				ABA3A9652A3B253F00CA4BE1 /* Sources */,
				ABA3A9662A3B253F00CA4BE1 /* Frameworks */,
				ABA3A9672A3B253F00CA4BE1 /* Resources */,
				40B39522BA68B0C3A2CF7877 /* [CP] Embed Pods Frameworks */,
				AB4432F32A43266800C42E54 /* ShellScript */,
			);
			buildRules = (
			);
			dependencies = (
			);
			name = FlyingPlane;
			productName = FlyingPlane;
			productReference = ABA3A9692A3B253F00CA4BE1 /* FlyingPlane.app */;
			productType = "com.apple.product-type.application";
		};
/* End PBXNativeTarget section */

/* Begin PBXProject section */
		ABA3A9612A3B253F00CA4BE1 /* Project object */ = {
			isa = PBXProject;
			attributes = {
				BuildIndependentTargetsInParallel = 1;
				LastSwiftUpdateCheck = 1420;
				LastUpgradeCheck = 1420;
				TargetAttributes = {
					ABA3A9682A3B253F00CA4BE1 = {
						CreatedOnToolsVersion = 14.2;
					};
				};
			};
			buildConfigurationList = ABA3A9642A3B253F00CA4BE1 /* Build configuration list for PBXProject "FlyingPlane" */;
			compatibilityVersion = "Xcode 14.0";
			developmentRegion = en;
			hasScannedForEncodings = 0;
			knownRegions = (
				en,
				Base,
			);
			mainGroup = ABA3A9602A3B253F00CA4BE1;
			productRefGroup = ABA3A96A2A3B253F00CA4BE1 /* Products */;
			projectDirPath = "";
			projectRoot = "";
			targets = (
				ABA3A9682A3B253F00CA4BE1 /* FlyingPlane */,
			);
		};
/* End PBXProject section */

/* Begin PBXResourcesBuildPhase section */
		ABA3A9672A3B253F00CA4BE1 /* Resources */ = {
			isa = PBXResourcesBuildPhase;
			buildActionMask = 2147483647;
			files = (
				ABA3A9792A3B254000CA4BE1 /* LaunchScreen.storyboard in Resources */,
				ABA3A9762A3B254000CA4BE1 /* Assets.xcassets in Resources */,
				AB4432F02A43201100C42E54 /* GoogleService-Info.plist in Resources */,
			);
			runOnlyForDeploymentPostprocessing = 0;
		};
/* End PBXResourcesBuildPhase section */

/* Begin PBXShellScriptBuildPhase section */
		27861D334B954F16AEA40133 /* [CP] Check Pods Manifest.lock */ = {
			isa = PBXShellScriptBuildPhase;
			buildActionMask = 2147483647;
			files = (
			);
			inputFileListPaths = (
			);
			inputPaths = (
				"${PODS_PODFILE_DIR_PATH}/Podfile.lock",
				"${PODS_ROOT}/Manifest.lock",
			);
			name = "[CP] Check Pods Manifest.lock";
			outputFileListPaths = (
			);
			outputPaths = (
				"$(DERIVED_FILE_DIR)/Pods-FlyingPlane-checkManifestLockResult.txt",
			);
			runOnlyForDeploymentPostprocessing = 0;
			shellPath = /bin/sh;
			shellScript = "diff \"${PODS_PODFILE_DIR_PATH}/Podfile.lock\" \"${PODS_ROOT}/Manifest.lock\" > /dev/null\nif [ $? != 0 ] ; then\n    # print error to STDERR\n    echo \"error: The sandbox is not in sync with the Podfile.lock. Run 'pod install' or update your CocoaPods installation.\" >&2\n    exit 1\nfi\n# This output is used by Xcode 'outputs' to avoid re-running this script phase.\necho \"SUCCESS\" > \"${SCRIPT_OUTPUT_FILE_0}\"\n";
			showEnvVarsInLog = 0;
		};
		40B39522BA68B0C3A2CF7877 /* [CP] Embed Pods Frameworks */ = {
			isa = PBXShellScriptBuildPhase;
			buildActionMask = 2147483647;
			files = (
			);
			inputFileListPaths = (
				"${PODS_ROOT}/Target Support Files/Pods-FlyingPlane/Pods-FlyingPlane-frameworks-${CONFIGURATION}-input-files.xcfilelist",
			);
			name = "[CP] Embed Pods Frameworks";
			outputFileListPaths = (
				"${PODS_ROOT}/Target Support Files/Pods-FlyingPlane/Pods-FlyingPlane-frameworks-${CONFIGURATION}-output-files.xcfilelist",
			);
			runOnlyForDeploymentPostprocessing = 0;
			shellPath = /bin/sh;
			shellScript = "\"${PODS_ROOT}/Target Support Files/Pods-FlyingPlane/Pods-FlyingPlane-frameworks.sh\"\n";
			showEnvVarsInLog = 0;
		};
		AB4432F32A43266800C42E54 /* ShellScript */ = {
			isa = PBXShellScriptBuildPhase;
			buildActionMask = 12;
			files = (
			);
			inputFileListPaths = (
			);
			inputPaths = (
				"$(SRCROOT)/$(BUILT_PRODUCTS_DIR)/$(INFOPLIST_PATH)",
				"${DWARF_DSYM_FOLDER_PATH}/${DWARF_DSYM_FILE_NAME}/Contents/Resources/DWARF/${TARGET_NAME}",
			);
			outputFileListPaths = (
			);
			outputPaths = (
			);
			runOnlyForDeploymentPostprocessing = 0;
			shellPath = /bin/sh;
			shellScript = "\"${PODS_ROOT}/FirebaseCrashlytics/run\"\n\n";
		};
/* End PBXShellScriptBuildPhase section */

/* Begin PBXSourcesBuildPhase section */
		ABA3A9652A3B253F00CA4BE1 /* Sources */ = {
			isa = PBXSourcesBuildPhase;
			buildActionMask = 2147483647;
			files = (
				ABCB8EEF2A5ABFD10069F56D /* DataSource.swift in Sources */,
				ABA3A9712A3B253F00CA4BE1 /* GameViewController.swift in Sources */,
				ABE57FF42A5C176C00245871 /* RecordTableViewCell.swift in Sources */,
				ABE57FF72A5C17CE00245871 /* Identifiable.swift in Sources */,
				ABA3A96D2A3B253F00CA4BE1 /* AppDelegate.swift in Sources */,
				ABA3A96F2A3B253F00CA4BE1 /* SceneDelegate.swift in Sources */,
				AB98829B2A3E591500D9D889 /* Phase.swift in Sources */,
				ABBA03DA2A543F8E003768D4 /* MainViewController.swift in Sources */,
				ABBA03DC2A5475A5003768D4 /* SettingsViewController.swift in Sources */,
				ABE57FF22A5C149A00245871 /* RecordsViewController.swift in Sources */,
			);
			runOnlyForDeploymentPostprocessing = 0;
		};
/* End PBXSourcesBuildPhase section */

/* Begin PBXVariantGroup section */
		ABA3A9772A3B254000CA4BE1 /* LaunchScreen.storyboard */ = {
			isa = PBXVariantGroup;
			children = (
				ABA3A9782A3B254000CA4BE1 /* Base */,
			);
			name = LaunchScreen.storyboard;
			sourceTree = "<group>";
		};
/* End PBXVariantGroup section */

/* Begin XCBuildConfiguration section */
		ABA3A97B2A3B254000CA4BE1 /* Debug */ = {
			isa = XCBuildConfiguration;
			buildSettings = {
				ALWAYS_SEARCH_USER_PATHS = NO;
				CLANG_ANALYZER_NONNULL = YES;
				CLANG_ANALYZER_NUMBER_OBJECT_CONVERSION = YES_AGGRESSIVE;
				CLANG_CXX_LANGUAGE_STANDARD = "gnu++20";
				CLANG_ENABLE_MODULES = YES;
				CLANG_ENABLE_OBJC_ARC = YES;
				CLANG_ENABLE_OBJC_WEAK = YES;
				CLANG_WARN_BLOCK_CAPTURE_AUTORELEASING = YES;
				CLANG_WARN_BOOL_CONVERSION = YES;
				CLANG_WARN_COMMA = YES;
				CLANG_WARN_CONSTANT_CONVERSION = YES;
				CLANG_WARN_DEPRECATED_OBJC_IMPLEMENTATIONS = YES;
				CLANG_WARN_DIRECT_OBJC_ISA_USAGE = YES_ERROR;
				CLANG_WARN_DOCUMENTATION_COMMENTS = YES;
				CLANG_WARN_EMPTY_BODY = YES;
				CLANG_WARN_ENUM_CONVERSION = YES;
				CLANG_WARN_INFINITE_RECURSION = YES;
				CLANG_WARN_INT_CONVERSION = YES;
				CLANG_WARN_NON_LITERAL_NULL_CONVERSION = YES;
				CLANG_WARN_OBJC_IMPLICIT_RETAIN_SELF = YES;
				CLANG_WARN_OBJC_LITERAL_CONVERSION = YES;
				CLANG_WARN_OBJC_ROOT_CLASS = YES_ERROR;
				CLANG_WARN_QUOTED_INCLUDE_IN_FRAMEWORK_HEADER = YES;
				CLANG_WARN_RANGE_LOOP_ANALYSIS = YES;
				CLANG_WARN_STRICT_PROTOTYPES = YES;
				CLANG_WARN_SUSPICIOUS_MOVE = YES;
				CLANG_WARN_UNGUARDED_AVAILABILITY = YES_AGGRESSIVE;
				CLANG_WARN_UNREACHABLE_CODE = YES;
				CLANG_WARN__DUPLICATE_METHOD_MATCH = YES;
				COPY_PHASE_STRIP = NO;
				DEBUG_INFORMATION_FORMAT = "dwarf-with-dsym";
				ENABLE_STRICT_OBJC_MSGSEND = YES;
				ENABLE_TESTABILITY = YES;
				GCC_C_LANGUAGE_STANDARD = gnu11;
				GCC_DYNAMIC_NO_PIC = NO;
				GCC_NO_COMMON_BLOCKS = YES;
				GCC_OPTIMIZATION_LEVEL = 0;
				GCC_PREPROCESSOR_DEFINITIONS = (
					"DEBUG=1",
					"$(inherited)",
				);
				GCC_WARN_64_TO_32_BIT_CONVERSION = YES;
				GCC_WARN_ABOUT_RETURN_TYPE = YES_ERROR;
				GCC_WARN_UNDECLARED_SELECTOR = YES;
				GCC_WARN_UNINITIALIZED_AUTOS = YES_AGGRESSIVE;
				GCC_WARN_UNUSED_FUNCTION = YES;
				GCC_WARN_UNUSED_VARIABLE = YES;
				IPHONEOS_DEPLOYMENT_TARGET = 16.2;
				MTL_ENABLE_DEBUG_INFO = INCLUDE_SOURCE;
				MTL_FAST_MATH = YES;
				ONLY_ACTIVE_ARCH = YES;
				SDKROOT = iphoneos;
				SWIFT_ACTIVE_COMPILATION_CONDITIONS = DEBUG;
				SWIFT_OPTIMIZATION_LEVEL = "-Onone";
			};
			name = Debug;
		};
		ABA3A97C2A3B254000CA4BE1 /* Release */ = {
			isa = XCBuildConfiguration;
			buildSettings = {
				ALWAYS_SEARCH_USER_PATHS = NO;
				CLANG_ANALYZER_NONNULL = YES;
				CLANG_ANALYZER_NUMBER_OBJECT_CONVERSION = YES_AGGRESSIVE;
				CLANG_CXX_LANGUAGE_STANDARD = "gnu++20";
				CLANG_ENABLE_MODULES = YES;
				CLANG_ENABLE_OBJC_ARC = YES;
				CLANG_ENABLE_OBJC_WEAK = YES;
				CLANG_WARN_BLOCK_CAPTURE_AUTORELEASING = YES;
				CLANG_WARN_BOOL_CONVERSION = YES;
				CLANG_WARN_COMMA = YES;
				CLANG_WARN_CONSTANT_CONVERSION = YES;
				CLANG_WARN_DEPRECATED_OBJC_IMPLEMENTATIONS = YES;
				CLANG_WARN_DIRECT_OBJC_ISA_USAGE = YES_ERROR;
				CLANG_WARN_DOCUMENTATION_COMMENTS = YES;
				CLANG_WARN_EMPTY_BODY = YES;
				CLANG_WARN_ENUM_CONVERSION = YES;
				CLANG_WARN_INFINITE_RECURSION = YES;
				CLANG_WARN_INT_CONVERSION = YES;
				CLANG_WARN_NON_LITERAL_NULL_CONVERSION = YES;
				CLANG_WARN_OBJC_IMPLICIT_RETAIN_SELF = YES;
				CLANG_WARN_OBJC_LITERAL_CONVERSION = YES;
				CLANG_WARN_OBJC_ROOT_CLASS = YES_ERROR;
				CLANG_WARN_QUOTED_INCLUDE_IN_FRAMEWORK_HEADER = YES;
				CLANG_WARN_RANGE_LOOP_ANALYSIS = YES;
				CLANG_WARN_STRICT_PROTOTYPES = YES;
				CLANG_WARN_SUSPICIOUS_MOVE = YES;
				CLANG_WARN_UNGUARDED_AVAILABILITY = YES_AGGRESSIVE;
				CLANG_WARN_UNREACHABLE_CODE = YES;
				CLANG_WARN__DUPLICATE_METHOD_MATCH = YES;
				COPY_PHASE_STRIP = NO;
				DEBUG_INFORMATION_FORMAT = "dwarf-with-dsym";
				ENABLE_NS_ASSERTIONS = NO;
				ENABLE_STRICT_OBJC_MSGSEND = YES;
				GCC_C_LANGUAGE_STANDARD = gnu11;
				GCC_NO_COMMON_BLOCKS = YES;
				GCC_WARN_64_TO_32_BIT_CONVERSION = YES;
				GCC_WARN_ABOUT_RETURN_TYPE = YES_ERROR;
				GCC_WARN_UNDECLARED_SELECTOR = YES;
				GCC_WARN_UNINITIALIZED_AUTOS = YES_AGGRESSIVE;
				GCC_WARN_UNUSED_FUNCTION = YES;
				GCC_WARN_UNUSED_VARIABLE = YES;
				IPHONEOS_DEPLOYMENT_TARGET = 16.2;
				MTL_ENABLE_DEBUG_INFO = NO;
				MTL_FAST_MATH = YES;
				SDKROOT = iphoneos;
				SWIFT_COMPILATION_MODE = wholemodule;
				SWIFT_OPTIMIZATION_LEVEL = "-O";
				VALIDATE_PRODUCT = YES;
			};
			name = Release;
		};
		ABA3A97E2A3B254000CA4BE1 /* Debug */ = {
			isa = XCBuildConfiguration;
			baseConfigurationReference = C873075AA4C535E81FB8E586 /* Pods-FlyingPlane.debug.xcconfig */;
			buildSettings = {
				ASSETCATALOG_COMPILER_APPICON_NAME = AppIcon;
				ASSETCATALOG_COMPILER_GLOBAL_ACCENT_COLOR_NAME = AccentColor;
				CODE_SIGN_STYLE = Automatic;
				CURRENT_PROJECT_VERSION = 1;
				DEBUG_INFORMATION_FORMAT = "dwarf-with-dsym";
				EXCLUDED_ARCHS = "";
				GENERATE_INFOPLIST_FILE = YES;
				INFOPLIST_FILE = "FlyingPlane/Supporting Files/Info.plist";
				INFOPLIST_KEY_UIApplicationSupportsIndirectInputEvents = YES;
				INFOPLIST_KEY_UILaunchStoryboardName = LaunchScreen;
				INFOPLIST_KEY_UISupportedInterfaceOrientations_iPad = "UIInterfaceOrientationPortrait UIInterfaceOrientationPortraitUpsideDown UIInterfaceOrientationLandscapeLeft UIInterfaceOrientationLandscapeRight";
				INFOPLIST_KEY_UISupportedInterfaceOrientations_iPhone = "UIInterfaceOrientationPortrait UIInterfaceOrientationLandscapeLeft UIInterfaceOrientationLandscapeRight";
				IPHONEOS_DEPLOYMENT_TARGET = 13.0;
				LD_RUNPATH_SEARCH_PATHS = (
					"$(inherited)",
					"@executable_path/Frameworks",
				);
				MARKETING_VERSION = 1.0;
				PRODUCT_BUNDLE_IDENTIFIER = com.ritulya.FlyingPlane;
				PRODUCT_NAME = "$(TARGET_NAME)";
				SUPPORTED_PLATFORMS = "iphoneos iphonesimulator";
				SUPPORTS_MACCATALYST = NO;
				SUPPORTS_MAC_DESIGNED_FOR_IPHONE_IPAD = NO;
				SWIFT_EMIT_LOC_STRINGS = YES;
				SWIFT_VERSION = 5.0;
				TARGETED_DEVICE_FAMILY = 1;
			};
			name = Debug;
		};
		ABA3A97F2A3B254000CA4BE1 /* Release */ = {
			isa = XCBuildConfiguration;
			baseConfigurationReference = 0FCBAFBABF25B53CC25152EF /* Pods-FlyingPlane.release.xcconfig */;
			buildSettings = {
				ASSETCATALOG_COMPILER_APPICON_NAME = AppIcon;
				ASSETCATALOG_COMPILER_GLOBAL_ACCENT_COLOR_NAME = AccentColor;
				CODE_SIGN_STYLE = Automatic;
				CURRENT_PROJECT_VERSION = 1;
				DEBUG_INFORMATION_FORMAT = "dwarf-with-dsym";
				EXCLUDED_ARCHS = "";
				GENERATE_INFOPLIST_FILE = YES;
				INFOPLIST_FILE = "FlyingPlane/Supporting Files/Info.plist";
				INFOPLIST_KEY_UIApplicationSupportsIndirectInputEvents = YES;
				INFOPLIST_KEY_UILaunchStoryboardName = LaunchScreen;
				INFOPLIST_KEY_UISupportedInterfaceOrientations_iPad = "UIInterfaceOrientationPortrait UIInterfaceOrientationPortraitUpsideDown UIInterfaceOrientationLandscapeLeft UIInterfaceOrientationLandscapeRight";
				INFOPLIST_KEY_UISupportedInterfaceOrientations_iPhone = "UIInterfaceOrientationPortrait UIInterfaceOrientationLandscapeLeft UIInterfaceOrientationLandscapeRight";
				IPHONEOS_DEPLOYMENT_TARGET = 13.0;
				LD_RUNPATH_SEARCH_PATHS = (
					"$(inherited)",
					"@executable_path/Frameworks",
				);
				MARKETING_VERSION = 1.0;
				PRODUCT_BUNDLE_IDENTIFIER = com.ritulya.FlyingPlane;
				PRODUCT_NAME = "$(TARGET_NAME)";
				SUPPORTED_PLATFORMS = "iphoneos iphonesimulator";
				SUPPORTS_MACCATALYST = NO;
				SUPPORTS_MAC_DESIGNED_FOR_IPHONE_IPAD = NO;
				SWIFT_EMIT_LOC_STRINGS = YES;
				SWIFT_VERSION = 5.0;
				TARGETED_DEVICE_FAMILY = 1;
			};
			name = Release;
		};
/* End XCBuildConfiguration section */

/* Begin XCConfigurationList section */
		ABA3A9642A3B253F00CA4BE1 /* Build configuration list for PBXProject "FlyingPlane" */ = {
			isa = XCConfigurationList;
			buildConfigurations = (
				ABA3A97B2A3B254000CA4BE1 /* Debug */,
				ABA3A97C2A3B254000CA4BE1 /* Release */,
			);
			defaultConfigurationIsVisible = 0;
			defaultConfigurationName = Release;
		};
		ABA3A97D2A3B254000CA4BE1 /* Build configuration list for PBXNativeTarget "FlyingPlane" */ = {
			isa = XCConfigurationList;
			buildConfigurations = (
				ABA3A97E2A3B254000CA4BE1 /* Debug */,
				ABA3A97F2A3B254000CA4BE1 /* Release */,
			);
			defaultConfigurationIsVisible = 0;
			defaultConfigurationName = Release;
		};
/* End XCConfigurationList section */
	};
	rootObject = ABA3A9612A3B253F00CA4BE1 /* Project object */;
}
